
Microsoft Visual Studio Solution File, Format Version 12.00
# Visual Studio Version 17
VisualStudioVersion = 17.4.33205.214
MinimumVisualStudioVersion = 10.0.40219.1
Project("{FAE04EC0-301F-11D3-BF4B-00C04F79EFBC}") = "Delegate", "Delegate\Delegate.csproj", "{B3FE990F-1D71-479D-8BFD-4149E0B7FB89}"
EndProject
Global
	GlobalSection(SolutionConfigurationPlatforms) = preSolution
		Debug|Any CPU = Debug|Any CPU
		Release|Any CPU = Release|Any CPU
	EndGlobalSection
	GlobalSection(ProjectConfigurationPlatforms) = postSolution
		{B3FE990F-1D71-479D-8BFD-4149E0B7FB89}.Debug|Any CPU.ActiveCfg = Debug|Any CPU
		{B3FE990F-1D71-479D-8BFD-4149E0B7FB89}.Debug|Any CPU.Build.0 = Debug|Any CPU
		{B3FE990F-1D71-479D-8BFD-4149E0B7FB89}.Release|Any CPU.ActiveCfg = Release|Any CPU
		{B3FE990F-1D71-479D-8BFD-4149E0B7FB89}.Release|Any CPU.Build.0 = Release|Any CPU
	EndGlobalSection
	GlobalSection(SolutionProperties) = preSolution
		HideSolutionNode = FALSE
	EndGlobalSection
	GlobalSection(ExtensibilityGlobals) = postSolution
		SolutionGuid = {41464D68-5819-4BD5-9607-D394860E25FE}
	EndGlobalSection
EndGlobal
